
Microsoft Visual Studio Solution File, Format Version 12.00
# Visual Studio Version 17
VisualStudioVersion = 17.10.35122.118
MinimumVisualStudioVersion = 10.0.40219.1
Project("{FAE04EC0-301F-11D3-BF4B-00C04F79EFBC}") = "SisNikosPizza", "SisNikosPizza\SisNikosPizza.csproj", "{5D06EE34-1CAD-49AC-95F5-14AB0A7E84A6}"
EndProject
Project("{FAE04EC0-301F-11D3-BF4B-00C04F79EFBC}") = "SisNikosPizza.Domain", "SisNikosPizza.Domain\SisNikosPizza.Domain.csproj", "{08ADC5C9-9284-44C8-AC20-41000263B896}"
EndProject
Project("{FAE04EC0-301F-11D3-BF4B-00C04F79EFBC}") = "SisNikosPizza.Infraestructure", "SisNikosPizza.Infraestructure\SisNikosPizza.Infraestructure.csproj", "{6A39FDE1-1BA0-493C-876F-D63E57BF273C}"
EndProject
Project("{FAE04EC0-301F-11D3-BF4B-00C04F79EFBC}") = "SisNikosPizza.Repository", "SisNikosPizza.Repository\SisNikosPizza.Repository.csproj", "{F65F9BFB-DBA6-465B-9AD9-E2E71AD55007}"
EndProject
Project("{FAE04EC0-301F-11D3-BF4B-00C04F79EFBC}") = "SisNikosPizza.Utilidades", "SisNikosPizza.Utilidades\SisNikosPizza.Utilidades.csproj", "{165ECCB2-FA02-4576-A9F2-AFAEA6CDFCC7}"
EndProject
Global
	GlobalSection(SolutionConfigurationPlatforms) = preSolution
		Debug|Any CPU = Debug|Any CPU
		Release|Any CPU = Release|Any CPU
	EndGlobalSection
	GlobalSection(ProjectConfigurationPlatforms) = postSolution
		{5D06EE34-1CAD-49AC-95F5-14AB0A7E84A6}.Debug|Any CPU.ActiveCfg = Debug|Any CPU
		{5D06EE34-1CAD-49AC-95F5-14AB0A7E84A6}.Debug|Any CPU.Build.0 = Debug|Any CPU
		{5D06EE34-1CAD-49AC-95F5-14AB0A7E84A6}.Release|Any CPU.ActiveCfg = Release|Any CPU
		{5D06EE34-1CAD-49AC-95F5-14AB0A7E84A6}.Release|Any CPU.Build.0 = Release|Any CPU
		{08ADC5C9-9284-44C8-AC20-41000263B896}.Debug|Any CPU.ActiveCfg = Debug|Any CPU
		{08ADC5C9-9284-44C8-AC20-41000263B896}.Debug|Any CPU.Build.0 = Debug|Any CPU
		{08ADC5C9-9284-44C8-AC20-41000263B896}.Release|Any CPU.ActiveCfg = Release|Any CPU
		{08ADC5C9-9284-44C8-AC20-41000263B896}.Release|Any CPU.Build.0 = Release|Any CPU
		{6A39FDE1-1BA0-493C-876F-D63E57BF273C}.Debug|Any CPU.ActiveCfg = Debug|Any CPU
		{6A39FDE1-1BA0-493C-876F-D63E57BF273C}.Debug|Any CPU.Build.0 = Debug|Any CPU
		{6A39FDE1-1BA0-493C-876F-D63E57BF273C}.Release|Any CPU.ActiveCfg = Release|Any CPU
		{6A39FDE1-1BA0-493C-876F-D63E57BF273C}.Release|Any CPU.Build.0 = Release|Any CPU
		{F65F9BFB-DBA6-465B-9AD9-E2E71AD55007}.Debug|Any CPU.ActiveCfg = Debug|Any CPU
		{F65F9BFB-DBA6-465B-9AD9-E2E71AD55007}.Debug|Any CPU.Build.0 = Debug|Any CPU
		{F65F9BFB-DBA6-465B-9AD9-E2E71AD55007}.Release|Any CPU.ActiveCfg = Release|Any CPU
		{F65F9BFB-DBA6-465B-9AD9-E2E71AD55007}.Release|Any CPU.Build.0 = Release|Any CPU
		{165ECCB2-FA02-4576-A9F2-AFAEA6CDFCC7}.Debug|Any CPU.ActiveCfg = Debug|Any CPU
		{165ECCB2-FA02-4576-A9F2-AFAEA6CDFCC7}.Debug|Any CPU.Build.0 = Debug|Any CPU
		{165ECCB2-FA02-4576-A9F2-AFAEA6CDFCC7}.Release|Any CPU.ActiveCfg = Release|Any CPU
		{165ECCB2-FA02-4576-A9F2-AFAEA6CDFCC7}.Release|Any CPU.Build.0 = Release|Any CPU
	EndGlobalSection
	GlobalSection(SolutionProperties) = preSolution
		HideSolutionNode = FALSE
	EndGlobalSection
	GlobalSection(ExtensibilityGlobals) = postSolution
		SolutionGuid = {DDD28540-FC3D-4EBD-996F-C7B89582968E}
	EndGlobalSection
EndGlobal
